
Microsoft Visual Studio Solution File, Format Version 12.00
# Visual Studio Version 17
VisualStudioVersion = 17.7.34024.191
MinimumVisualStudioVersion = 10.0.40219.1
Project("{8BC9CEB8-8B4A-11D0-8D11-00A0C91BC942}") = "Project1", "Project1\Project1.vcxproj", "{3EADC9C6-CA0E-41AB-98CD-B97304AAC298}"
EndProject
Global
	GlobalSection(SolutionConfigurationPlatforms) = preSolution
		Debug|x64 = Debug|x64
		Debug|x86 = Debug|x86
		Release|x64 = Release|x64
		Release|x86 = Release|x86
	EndGlobalSection
	GlobalSection(ProjectConfigurationPlatforms) = postSolution
		{3EADC9C6-CA0E-41AB-98CD-B97304AAC298}.Debug|x64.ActiveCfg = Debug|x64
		{3EADC9C6-CA0E-41AB-98CD-B97304AAC298}.Debug|x64.Build.0 = Debug|x64
		{3EADC9C6-CA0E-41AB-98CD-B97304AAC298}.Debug|x86.ActiveCfg = Debug|Win32
		{3EADC9C6-CA0E-41AB-98CD-B97304AAC298}.Debug|x86.Build.0 = Debug|Win32
		{3EADC9C6-CA0E-41AB-98CD-B97304AAC298}.Release|x64.ActiveCfg = Release|x64
		{3EADC9C6-CA0E-41AB-98CD-B97304AAC298}.Release|x64.Build.0 = Release|x64
		{3EADC9C6-CA0E-41AB-98CD-B97304AAC298}.Release|x86.ActiveCfg = Release|Win32
		{3EADC9C6-CA0E-41AB-98CD-B97304AAC298}.Release|x86.Build.0 = Release|Win32
	EndGlobalSection
	GlobalSection(SolutionProperties) = preSolution
		HideSolutionNode = FALSE
	EndGlobalSection
	GlobalSection(ExtensibilityGlobals) = postSolution
		SolutionGuid = {11D2DF20-BF97-459E-A978-4A8FA5C60590}
	EndGlobalSection
EndGlobal
